
Microsoft Visual Studio Solution File, Format Version 12.00
# Visual Studio Version 18
VisualStudioVersion = 18.6.11819.183
MinimumVisualStudioVersion = 10.0.40219.1
Project("{FAE04EC0-301F-11D3-BF4B-00C04F79EFBC}") = "azureDatabase", "azureDatabase\azureDatabase.csproj", "{CB28C9DA-1FD9-4503-9C19-F7642AE899AF}"
EndProject
Project("{FAE04EC0-301F-11D3-BF4B-00C04F79EFBC}") = "shared", "shared\shared.csproj", "{34016D72-DD2C-4DF1-8E48-D3A261A935D0}"
EndProject
Project("{FAE04EC0-301F-11D3-BF4B-00C04F79EFBC}") = "registerSystem", "registerSystem\registerSystem.csproj", "{B1A2C3D4-E5F6-7890-ABCD-EF1234567890}"
EndProject
Project("{FAE04EC0-301F-11D3-BF4B-00C04F79EFBC}") = "drinkOrderSystem", "drinkOrderSystem\drinkOrderSystem.csproj", "{C2B3D4E5-F6A7-8901-BCDE-F12345678901}"
EndProject
Project("{FAE04EC0-301F-11D3-BF4B-00C04F79EFBC}") = "orderWebSystem", "orderWebSystem\orderWebSystem.csproj", "{D3C4E5F6-A7B8-9012-CDEF-123456789012}"
EndProject
Global
	GlobalSection(SolutionConfigurationPlatforms) = preSolution
		Debug|Any CPU = Debug|Any CPU
		Release|Any CPU = Release|Any CPU
	EndGlobalSection
	GlobalSection(ProjectConfigurationPlatforms) = postSolution
		{CB28C9DA-1FD9-4503-9C19-F7642AE899AF}.Debug|Any CPU.ActiveCfg = Debug|Any CPU
		{CB28C9DA-1FD9-4503-9C19-F7642AE899AF}.Debug|Any CPU.Build.0 = Debug|Any CPU
		{CB28C9DA-1FD9-4503-9C19-F7642AE899AF}.Release|Any CPU.ActiveCfg = Release|Any CPU
		{CB28C9DA-1FD9-4503-9C19-F7642AE899AF}.Release|Any CPU.Build.0 = Release|Any CPU
		{34016D72-DD2C-4DF1-8E48-D3A261A935D0}.Debug|Any CPU.ActiveCfg = Debug|Any CPU
		{34016D72-DD2C-4DF1-8E48-D3A261A935D0}.Debug|Any CPU.Build.0 = Debug|Any CPU
		{34016D72-DD2C-4DF1-8E48-D3A261A935D0}.Release|Any CPU.ActiveCfg = Release|Any CPU
		{34016D72-DD2C-4DF1-8E48-D3A261A935D0}.Release|Any CPU.Build.0 = Release|Any CPU
		{B1A2C3D4-E5F6-7890-ABCD-EF1234567890}.Debug|Any CPU.ActiveCfg = Debug|Any CPU
		{B1A2C3D4-E5F6-7890-ABCD-EF1234567890}.Debug|Any CPU.Build.0 = Debug|Any CPU
		{B1A2C3D4-E5F6-7890-ABCD-EF1234567890}.Release|Any CPU.ActiveCfg = Release|Any CPU
		{B1A2C3D4-E5F6-7890-ABCD-EF1234567890}.Release|Any CPU.Build.0 = Release|Any CPU
		{C2B3D4E5-F6A7-8901-BCDE-F12345678901}.Debug|Any CPU.ActiveCfg = Debug|Any CPU
		{C2B3D4E5-F6A7-8901-BCDE-F12345678901}.Debug|Any CPU.Build.0 = Debug|Any CPU
		{C2B3D4E5-F6A7-8901-BCDE-F12345678901}.Release|Any CPU.ActiveCfg = Release|Any CPU
		{C2B3D4E5-F6A7-8901-BCDE-F12345678901}.Release|Any CPU.Build.0 = Release|Any CPU
		{D3C4E5F6-A7B8-9012-CDEF-123456789012}.Debug|Any CPU.ActiveCfg = Debug|Any CPU
		{D3C4E5F6-A7B8-9012-CDEF-123456789012}.Debug|Any CPU.Build.0 = Debug|Any CPU
		{D3C4E5F6-A7B8-9012-CDEF-123456789012}.Release|Any CPU.ActiveCfg = Release|Any CPU
		{D3C4E5F6-A7B8-9012-CDEF-123456789012}.Release|Any CPU.Build.0 = Release|Any CPU
	EndGlobalSection
	GlobalSection(SolutionProperties) = preSolution
		HideSolutionNode = FALSE
	EndGlobalSection
	GlobalSection(ExtensibilityGlobals) = postSolution
		SolutionGuid = {299D28A0-5021-471D-98E7-0AFFF1F876FD}
	EndGlobalSection
EndGlobal
